
Microsoft Visual Studio Solution File, Format Version 12.00
# Visual Studio Version 17
VisualStudioVersion = 17.3.32825.248
MinimumVisualStudioVersion = 10.0.40219.1
Project("{FAE04EC0-301F-11D3-BF4B-00C04F79EFBC}") = "Operadores_e_Expressões", "Operadores_e_Expressões\Operadores_e_Expressões.csproj", "{31DD9E57-0817-40C8-8E70-F14AE78A2FA1}"
EndProject
Global
	GlobalSection(SolutionConfigurationPlatforms) = preSolution
		Debug|Any CPU = Debug|Any CPU
		Release|Any CPU = Release|Any CPU
	EndGlobalSection
	GlobalSection(ProjectConfigurationPlatforms) = postSolution
		{31DD9E57-0817-40C8-8E70-F14AE78A2FA1}.Debug|Any CPU.ActiveCfg = Debug|Any CPU
		{31DD9E57-0817-40C8-8E70-F14AE78A2FA1}.Debug|Any CPU.Build.0 = Debug|Any CPU
		{31DD9E57-0817-40C8-8E70-F14AE78A2FA1}.Release|Any CPU.ActiveCfg = Release|Any CPU
		{31DD9E57-0817-40C8-8E70-F14AE78A2FA1}.Release|Any CPU.Build.0 = Release|Any CPU
	EndGlobalSection
	GlobalSection(SolutionProperties) = preSolution
		HideSolutionNode = FALSE
	EndGlobalSection
	GlobalSection(ExtensibilityGlobals) = postSolution
		SolutionGuid = {3017857A-348D-4ED7-AA8C-D92405CD3613}
	EndGlobalSection
EndGlobal
